{
  "version": 4,
  "terraform_version": "1.4.5",
  "serial": 94,
  "lineage": "451410c2-b782-9996-0fbd-8a478fa0c60d",
  "outputs": {},
  "resources": [
    {
      "mode": "managed",
      "type": "openstack_compute_floatingip_associate_v2",
      "name": "http",
      "provider": "provider[\"registry.terraform.io/terraform-provider-openstack/openstack\"]",
      "instances": [
        {
          "schema_version": 0,
          "attributes": {
            "fixed_ip": "",
            "floating_ip": "172.24.4.181",
            "id": "172.24.4.181/e1db4625-12d7-43ac-9298-b5e88d8b6654/",
            "instance_id": "e1db4625-12d7-43ac-9298-b5e88d8b6654",
            "region": "",
            "timeouts": null,
            "wait_until_associated": null
          },
          "sensitive_attributes": [],
          "private": "eyJlMmJmYjczMC1lY2FhLTExZTYtOGY4OC0zNDM2M2JjN2M0YzAiOnsiY3JlYXRlIjo2MDAwMDAwMDAwMDB9fQ==",
          "dependencies": [
            "openstack_compute_instance_v2.instance_1",
            "openstack_compute_secgroup_v2.http",
            "openstack_compute_secgroup_v2.ssh",
            "openstack_images_image_v2.ubuntu1404",
            "openstack_networking_floatingip_v2.http",
            "openstack_networking_network_v2.private_1",
            "openstack_networking_port_v2.http",
            "openstack_networking_subnet_v2.subnet_1"
          ]
        }
      ]
    },
    {
      "mode": "managed",
      "type": "openstack_compute_instance_v2",
      "name": "instance_1",
      "provider": "provider[\"registry.terraform.io/terraform-provider-openstack/openstack\"]",
      "instances": [
        {
          "schema_version": 0,
          "attributes": {
            "access_ip_v4": "10.0.0.99",
            "access_ip_v6": "",
            "admin_pass": null,
            "all_metadata": {},
            "all_tags": [],
            "availability_zone": "nova",
            "availability_zone_hints": null,
            "block_device": [],
            "config_drive": null,
            "flavor_id": "2",
            "flavor_name": "m1.small",
            "floating_ip": null,
            "force_delete": false,
            "id": "e1db4625-12d7-43ac-9298-b5e88d8b6654",
            "image_id": "c6110e86-4a8f-4f77-b5e0-6cb755471bdc",
            "image_name": "ubuntu1404",
            "key_pair": "",
            "metadata": null,
            "name": "instance_1",
            "network": [
              {
                "access_network": false,
                "fixed_ip_v4": "10.0.0.99",
                "fixed_ip_v6": "",
                "floating_ip": "",
                "mac": "fa:16:3e:77:b2:9e",
                "name": "private_1",
                "port": "d110e9b4-80dd-4824-b038-05efe804abb5",
                "uuid": "f95f85ee-cee2-44c7-8982-5cb69df435ac"
              }
            ],
            "network_mode": null,
            "personality": [],
            "power_state": "active",
            "region": "",
            "scheduler_hints": [],
            "security_groups": [
              "http",
              "ssh"
            ],
            "stop_before_destroy": false,
            "tags": [],
            "timeouts": null,
            "user_data": "f57f4a8073bd956083ceeabecc21a4352029127c",
            "vendor_options": [],
            "volume": []
          },
          "sensitive_attributes": [],
          "private": "eyJlMmJmYjczMC1lY2FhLTExZTYtOGY4OC0zNDM2M2JjN2M0YzAiOnsiY3JlYXRlIjoxODAwMDAwMDAwMDAwLCJkZWxldGUiOjE4MDAwMDAwMDAwMDAsInVwZGF0ZSI6MTgwMDAwMDAwMDAwMH19",
          "dependencies": [
            "openstack_compute_secgroup_v2.http",
            "openstack_compute_secgroup_v2.ssh",
            "openstack_images_image_v2.ubuntu1404",
            "openstack_networking_network_v2.private_1",
            "openstack_networking_port_v2.http",
            "openstack_networking_subnet_v2.subnet_1"
          ]
        }
      ]
    },
    {
      "mode": "managed",
      "type": "openstack_compute_secgroup_v2",
      "name": "http",
      "provider": "provider[\"registry.terraform.io/terraform-provider-openstack/openstack\"]",
      "instances": [
        {
          "schema_version": 0,
          "attributes": {
            "description": "Open input http port",
            "id": "2972afc1-6e76-460a-9d57-c116ec9d3b8e",
            "name": "http",
            "region": "",
            "rule": [
              {
                "cidr": "0.0.0.0/0",
                "from_group_id": "",
                "from_port": 80,
                "id": "5bb977be-6e86-40bd-8c51-cf98be522030",
                "ip_protocol": "tcp",
                "self": false,
                "to_port": 80
              }
            ],
            "timeouts": null
          },
          "sensitive_attributes": [],
          "private": "eyJlMmJmYjczMC1lY2FhLTExZTYtOGY4OC0zNDM2M2JjN2M0YzAiOnsiZGVsZXRlIjo2MDAwMDAwMDAwMDB9fQ=="
        }
      ]
    },
    {
      "mode": "managed",
      "type": "openstack_compute_secgroup_v2",
      "name": "ssh",
      "provider": "provider[\"registry.terraform.io/terraform-provider-openstack/openstack\"]",
      "instances": [
        {
          "schema_version": 0,
          "attributes": {
            "description": "Open input ssh port",
            "id": "e0672d88-0cfc-4be5-8887-52aa3b7d56bf",
            "name": "ssh",
            "region": "",
            "rule": [
              {
                "cidr": "0.0.0.0/0",
                "from_group_id": "",
                "from_port": 22,
                "id": "4a85f379-3044-43f6-8a79-c06c985cdb8a",
                "ip_protocol": "tcp",
                "self": false,
                "to_port": 22
              }
            ],
            "timeouts": null
          },
          "sensitive_attributes": [],
          "private": "eyJlMmJmYjczMC1lY2FhLTExZTYtOGY4OC0zNDM2M2JjN2M0YzAiOnsiZGVsZXRlIjo2MDAwMDAwMDAwMDB9fQ=="
        }
      ]
    },
    {
      "mode": "managed",
      "type": "openstack_images_image_v2",
      "name": "ubuntu1404",
      "provider": "provider[\"registry.terraform.io/terraform-provider-openstack/openstack\"]",
      "instances": [
        {
          "schema_version": 0,
          "attributes": {
            "checksum": "e0602d592dbf87ddcf5b76bce9da084e",
            "container_format": "bare",
            "created_at": "2023-05-13T13:58:25Z",
            "disk_format": "qcow2",
            "file": "/v2/images/c6110e86-4a8f-4f77-b5e0-6cb755471bdc/file",
            "hidden": false,
            "id": "c6110e86-4a8f-4f77-b5e0-6cb755471bdc",
            "image_cache_path": "/opt/stack/.terraform/image_cache",
            "image_id": "c6110e86-4a8f-4f77-b5e0-6cb755471bdc",
            "image_source_password": null,
            "image_source_url": null,
            "image_source_username": null,
            "local_file_path": "/opt/stack/IaC/trusty-server-cloudimg-amd64-disk1.img",
            "metadata": {},
            "min_disk_gb": 0,
            "min_ram_mb": 0,
            "name": "ubuntu1404",
            "owner": "a29e0f9586ec483189eca599b213ba8b",
            "properties": {
              "os_hash_algo": "sha512",
              "os_hash_value": "7b9a977ecb385f1f8624653396fca0a4de113ef2100d470c2c17ce0220da5201a851018fc50126839c67ffa3b743aef5bdf23ced615a1ef1f4af58d7e5710346"
            },
            "protected": false,
            "region": "",
            "schema": "/v2/schemas/image",
            "size_bytes": 265682944,
            "status": "active",
            "tags": [],
            "timeouts": null,
            "update_at": "2023-05-13T13:58:28Z",
            "updated_at": "2023-05-13T13:58:28Z",
            "verify_checksum": null,
            "visibility": "private",
            "web_download": null
          },
          "sensitive_attributes": [],
          "private": "eyJlMmJmYjczMC1lY2FhLTExZTYtOGY4OC0zNDM2M2JjN2M0YzAiOnsiY3JlYXRlIjoxODAwMDAwMDAwMDAwfX0="
        }
      ]
    },
    {
      "mode": "managed",
      "type": "openstack_networking_floatingip_v2",
      "name": "http",
      "provider": "provider[\"registry.terraform.io/terraform-provider-openstack/openstack\"]",
      "instances": [
        {
          "schema_version": 0,
          "attributes": {
            "address": "172.24.4.181",
            "all_tags": [],
            "description": "",
            "dns_domain": "",
            "dns_name": "",
            "fixed_ip": "10.0.0.99",
            "id": "493930f6-d59b-4cb7-9569-a058daffeaa6",
            "pool": "public",
            "port_id": "d110e9b4-80dd-4824-b038-05efe804abb5",
            "region": "",
            "subnet_id": null,
            "subnet_ids": null,
            "tags": [],
            "tenant_id": "a29e0f9586ec483189eca599b213ba8b",
            "timeouts": null,
            "value_specs": null
          },
          "sensitive_attributes": [],
          "private": "eyJlMmJmYjczMC1lY2FhLTExZTYtOGY4OC0zNDM2M2JjN2M0YzAiOnsiY3JlYXRlIjo2MDAwMDAwMDAwMDAsImRlbGV0ZSI6NjAwMDAwMDAwMDAwfX0="
        }
      ]
    },
    {
      "mode": "managed",
      "type": "openstack_networking_network_v2",
      "name": "private_1",
      "provider": "provider[\"registry.terraform.io/terraform-provider-openstack/openstack\"]",
      "instances": [
        {
          "schema_version": 0,
          "attributes": {
            "admin_state_up": true,
            "all_tags": [],
            "availability_zone_hints": [],
            "description": "",
            "dns_domain": "",
            "external": false,
            "id": "f95f85ee-cee2-44c7-8982-5cb69df435ac",
            "mtu": 1442,
            "name": "private_1",
            "port_security_enabled": true,
            "qos_policy_id": "",
            "region": "",
            "segments": [],
            "shared": false,
            "tags": [],
            "tenant_id": "a29e0f9586ec483189eca599b213ba8b",
            "timeouts": null,
            "transparent_vlan": false,
            "value_specs": null
          },
          "sensitive_attributes": [],
          "private": "eyJlMmJmYjczMC1lY2FhLTExZTYtOGY4OC0zNDM2M2JjN2M0YzAiOnsiY3JlYXRlIjo2MDAwMDAwMDAwMDAsImRlbGV0ZSI6NjAwMDAwMDAwMDAwfX0="
        }
      ]
    },
    {
      "mode": "managed",
      "type": "openstack_networking_port_v2",
      "name": "http",
      "provider": "provider[\"registry.terraform.io/terraform-provider-openstack/openstack\"]",
      "instances": [
        {
          "schema_version": 0,
          "attributes": {
            "admin_state_up": true,
            "all_fixed_ips": [
              "10.0.0.99"
            ],
            "all_security_group_ids": [
              "2972afc1-6e76-460a-9d57-c116ec9d3b8e",
              "e0672d88-0cfc-4be5-8887-52aa3b7d56bf"
            ],
            "all_tags": [],
            "allowed_address_pairs": [],
            "binding": [
              {
                "host_id": "d05004-virtual-machine",
                "profile": "{}",
                "vif_details": {
                  "bound_drivers": "{\"0\":\"ovn\"}",
                  "connectivity": "l2",
                  "port_filter": "true"
                },
                "vif_type": "ovs",
                "vnic_type": "normal"
              }
            ],
            "description": "",
            "device_id": "e1db4625-12d7-43ac-9298-b5e88d8b6654",
            "device_owner": "compute:nova",
            "dns_assignment": [],
            "dns_name": "",
            "extra_dhcp_option": [],
            "fixed_ip": [
              {
                "ip_address": "",
                "subnet_id": "b4f78a1f-415d-42d5-ab33-f6055ca86c3d"
              }
            ],
            "id": "d110e9b4-80dd-4824-b038-05efe804abb5",
            "mac_address": "fa:16:3e:77:b2:9e",
            "name": "port-instance-http",
            "network_id": "f95f85ee-cee2-44c7-8982-5cb69df435ac",
            "no_fixed_ip": null,
            "no_security_groups": null,
            "port_security_enabled": true,
            "qos_policy_id": "",
            "region": "",
            "security_group_ids": [
              "2972afc1-6e76-460a-9d57-c116ec9d3b8e",
              "e0672d88-0cfc-4be5-8887-52aa3b7d56bf"
            ],
            "tags": [],
            "tenant_id": "a29e0f9586ec483189eca599b213ba8b",
            "timeouts": null,
            "value_specs": null
          },
          "sensitive_attributes": [],
          "private": "eyJlMmJmYjczMC1lY2FhLTExZTYtOGY4OC0zNDM2M2JjN2M0YzAiOnsiY3JlYXRlIjo2MDAwMDAwMDAwMDAsImRlbGV0ZSI6NjAwMDAwMDAwMDAwfX0=",
          "dependencies": [
            "openstack_compute_secgroup_v2.http",
            "openstack_compute_secgroup_v2.ssh",
            "openstack_networking_network_v2.private_1",
            "openstack_networking_subnet_v2.subnet_1"
          ]
        }
      ]
    },
    {
      "mode": "managed",
      "type": "openstack_networking_router_interface_v2",
      "name": "interface_1",
      "provider": "provider[\"registry.terraform.io/terraform-provider-openstack/openstack\"]",
      "instances": [
        {
          "schema_version": 0,
          "attributes": {
            "id": "1650ae41-752a-455a-9cee-bf27a29462a9",
            "port_id": "1650ae41-752a-455a-9cee-bf27a29462a9",
            "region": "",
            "router_id": "f99e56ae-fc8d-4159-a7a3-458c35cdf522",
            "subnet_id": "b4f78a1f-415d-42d5-ab33-f6055ca86c3d",
            "timeouts": null
          },
          "sensitive_attributes": [],
          "private": "eyJlMmJmYjczMC1lY2FhLTExZTYtOGY4OC0zNDM2M2JjN2M0YzAiOnsiY3JlYXRlIjo2MDAwMDAwMDAwMDAsImRlbGV0ZSI6NjAwMDAwMDAwMDAwfX0=",
          "dependencies": [
            "openstack_networking_network_v2.private_1",
            "openstack_networking_router_v2.router_1",
            "openstack_networking_subnet_v2.subnet_1"
          ]
        }
      ]
    },
    {
      "mode": "managed",
      "type": "openstack_networking_router_v2",
      "name": "router_1",
      "provider": "provider[\"registry.terraform.io/terraform-provider-openstack/openstack\"]",
      "instances": [
        {
          "schema_version": 0,
          "attributes": {
            "admin_state_up": true,
            "all_tags": [],
            "availability_zone_hints": [],
            "description": "",
            "distributed": false,
            "enable_snat": true,
            "external_fixed_ip": [
              {
                "ip_address": "172.24.4.244",
                "subnet_id": "a5790a1f-713c-4e60-a6ce-06c86b9e859a"
              },
              {
                "ip_address": "2001:db8::141",
                "subnet_id": "edb16255-b999-4824-a354-9fddac0ad803"
              }
            ],
            "external_gateway": "5f61083c-9709-4494-ba97-24cd04dab40f",
            "external_network_id": "5f61083c-9709-4494-ba97-24cd04dab40f",
            "external_subnet_ids": null,
            "id": "f99e56ae-fc8d-4159-a7a3-458c35cdf522",
            "name": "router_1",
            "region": "",
            "tags": [],
            "tenant_id": "a29e0f9586ec483189eca599b213ba8b",
            "timeouts": null,
            "value_specs": null,
            "vendor_options": []
          },
          "sensitive_attributes": [],
          "private": "eyJlMmJmYjczMC1lY2FhLTExZTYtOGY4OC0zNDM2M2JjN2M0YzAiOnsiY3JlYXRlIjo2MDAwMDAwMDAwMDAsImRlbGV0ZSI6NjAwMDAwMDAwMDAwfX0="
        }
      ]
    },
    {
      "mode": "managed",
      "type": "openstack_networking_subnet_v2",
      "name": "subnet_1",
      "provider": "provider[\"registry.terraform.io/terraform-provider-openstack/openstack\"]",
      "instances": [
        {
          "schema_version": 0,
          "attributes": {
            "all_tags": [],
            "allocation_pool": [
              {
                "end": "10.0.0.254",
                "start": "10.0.0.2"
              }
            ],
            "allocation_pools": [
              {
                "end": "10.0.0.254",
                "start": "10.0.0.2"
              }
            ],
            "cidr": "10.0.0.0/24",
            "description": "",
            "dns_nameservers": [
              "8.8.8.8",
              "8.8.4.4"
            ],
            "enable_dhcp": true,
            "gateway_ip": "10.0.0.1",
            "host_routes": [],
            "id": "b4f78a1f-415d-42d5-ab33-f6055ca86c3d",
            "ip_version": 4,
            "ipv6_address_mode": "",
            "ipv6_ra_mode": "",
            "name": "subnet_1",
            "network_id": "f95f85ee-cee2-44c7-8982-5cb69df435ac",
            "no_gateway": false,
            "prefix_length": null,
            "region": "",
            "subnetpool_id": "",
            "tags": [],
            "tenant_id": "a29e0f9586ec483189eca599b213ba8b",
            "timeouts": null,
            "value_specs": null
          },
          "sensitive_attributes": [],
          "private": "eyJlMmJmYjczMC1lY2FhLTExZTYtOGY4OC0zNDM2M2JjN2M0YzAiOnsiY3JlYXRlIjo2MDAwMDAwMDAwMDAsImRlbGV0ZSI6NjAwMDAwMDAwMDAwfX0=",
          "dependencies": [
            "openstack_networking_network_v2.private_1"
          ]
        }
      ]
    }
  ],
  "check_results": null
}
