{
  "version": 4,
  "terraform_version": "1.4.5",
  "serial": 153,
  "lineage": "e336b55a-0895-749d-2c4e-18e5cf89d13e",
  "outputs": {},
  "resources": [
    {
      "mode": "managed",
      "type": "openstack_compute_floatingip_associate_v2",
      "name": "http",
      "provider": "provider[\"registry.terraform.io/terraform-provider-openstack/openstack\"]",
      "instances": [
        {
          "schema_version": 0,
          "attributes": {
            "fixed_ip": "",
            "floating_ip": "172.24.4.125",
            "id": "172.24.4.125/f3f826d1-7ba6-4a7d-bde4-fe7499f2b77e/",
            "instance_id": "f3f826d1-7ba6-4a7d-bde4-fe7499f2b77e",
            "region": "",
            "timeouts": null,
            "wait_until_associated": null
          },
          "sensitive_attributes": [],
          "private": "eyJlMmJmYjczMC1lY2FhLTExZTYtOGY4OC0zNDM2M2JjN2M0YzAiOnsiY3JlYXRlIjo2MDAwMDAwMDAwMDB9fQ==",
          "dependencies": [
            "openstack_compute_instance_v2.instance_1",
            "openstack_compute_secgroup_v2.http",
            "openstack_compute_secgroup_v2.service",
            "openstack_compute_secgroup_v2.ssh",
            "openstack_images_image_v2.ubuntu1404",
            "openstack_networking_floatingip_v2.http",
            "openstack_networking_network_v2.private_1",
            "openstack_networking_port_v2.http",
            "openstack_networking_subnet_v2.subnet_1"
          ]
        }
      ]
    },
    {
      "mode": "managed",
      "type": "openstack_compute_instance_v2",
      "name": "instance_1",
      "provider": "provider[\"registry.terraform.io/terraform-provider-openstack/openstack\"]",
      "instances": [
        {
          "schema_version": 0,
          "attributes": {
            "access_ip_v4": "10.0.0.235",
            "access_ip_v6": "",
            "admin_pass": null,
            "all_metadata": {},
            "all_tags": [],
            "availability_zone": "nova",
            "availability_zone_hints": null,
            "block_device": [],
            "config_drive": null,
            "flavor_id": "2",
            "flavor_name": "m1.small",
            "floating_ip": null,
            "force_delete": false,
            "id": "f3f826d1-7ba6-4a7d-bde4-fe7499f2b77e",
            "image_id": "633e01ba-fc27-49ef-ab46-b2af1e2fc203",
            "image_name": "ubuntu1404",
            "key_pair": "",
            "metadata": null,
            "name": "instance_1",
            "network": [
              {
                "access_network": false,
                "fixed_ip_v4": "10.0.0.235",
                "fixed_ip_v6": "",
                "floating_ip": "",
                "mac": "fa:16:3e:65:7c:4d",
                "name": "private_1",
                "port": "c073f50b-8ead-43b0-aeab-512f6d745446",
                "uuid": "8ce6999b-e070-4b4d-b32d-4f63ea29bf16"
              }
            ],
            "network_mode": null,
            "personality": [],
            "power_state": "active",
            "region": "",
            "scheduler_hints": [],
            "security_groups": [
              "http",
              "ssh"
            ],
            "stop_before_destroy": false,
            "tags": [],
            "timeouts": null,
            "user_data": "49448926a2faf88997a8bb5c09a6047f8b9fa9b6",
            "vendor_options": [],
            "volume": []
          },
          "sensitive_attributes": [],
          "private": "eyJlMmJmYjczMC1lY2FhLTExZTYtOGY4OC0zNDM2M2JjN2M0YzAiOnsiY3JlYXRlIjoxODAwMDAwMDAwMDAwLCJkZWxldGUiOjE4MDAwMDAwMDAwMDAsInVwZGF0ZSI6MTgwMDAwMDAwMDAwMH19",
          "dependencies": [
            "openstack_compute_secgroup_v2.http",
            "openstack_compute_secgroup_v2.service",
            "openstack_compute_secgroup_v2.ssh",
            "openstack_images_image_v2.ubuntu1404",
            "openstack_networking_network_v2.private_1",
            "openstack_networking_port_v2.http",
            "openstack_networking_subnet_v2.subnet_1"
          ]
        }
      ]
    },
    {
      "mode": "managed",
      "type": "openstack_compute_secgroup_v2",
      "name": "http",
      "provider": "provider[\"registry.terraform.io/terraform-provider-openstack/openstack\"]",
      "instances": [
        {
          "schema_version": 0,
          "attributes": {
            "description": "Open input http port",
            "id": "371d5c85-53d9-4624-adf5-0385d71a4303",
            "name": "http",
            "region": "",
            "rule": [
              {
                "cidr": "0.0.0.0/0",
                "from_group_id": "",
                "from_port": 80,
                "id": "cf5560af-db52-44a2-8723-80d333b15b40",
                "ip_protocol": "tcp",
                "self": false,
                "to_port": 80
              }
            ],
            "timeouts": null
          },
          "sensitive_attributes": [],
          "private": "eyJlMmJmYjczMC1lY2FhLTExZTYtOGY4OC0zNDM2M2JjN2M0YzAiOnsiZGVsZXRlIjo2MDAwMDAwMDAwMDB9fQ=="
        }
      ]
    },
    {
      "mode": "managed",
      "type": "openstack_compute_secgroup_v2",
      "name": "service",
      "provider": "provider[\"registry.terraform.io/terraform-provider-openstack/openstack\"]",
      "instances": [
        {
          "schema_version": 0,
          "attributes": {
            "description": "Open input service port",
            "id": "e115daf0-0dbe-42a0-a016-6e6b9a33b164",
            "name": "service",
            "region": "",
            "rule": [
              {
                "cidr": "0.0.0.0/0",
                "from_group_id": "",
                "from_port": 8080,
                "id": "6ac56131-feac-4ab1-b79a-ebd0e649c99c",
                "ip_protocol": "tcp",
                "self": false,
                "to_port": 8080
              }
            ],
            "timeouts": null
          },
          "sensitive_attributes": [],
          "private": "eyJlMmJmYjczMC1lY2FhLTExZTYtOGY4OC0zNDM2M2JjN2M0YzAiOnsiZGVsZXRlIjo2MDAwMDAwMDAwMDB9fQ=="
        }
      ]
    },
    {
      "mode": "managed",
      "type": "openstack_compute_secgroup_v2",
      "name": "ssh",
      "provider": "provider[\"registry.terraform.io/terraform-provider-openstack/openstack\"]",
      "instances": [
        {
          "schema_version": 0,
          "attributes": {
            "description": "Open input ssh port",
            "id": "33ba18ac-277f-49c8-939b-a5c4c66f0b8c",
            "name": "ssh",
            "region": "",
            "rule": [
              {
                "cidr": "0.0.0.0/0",
                "from_group_id": "",
                "from_port": 22,
                "id": "1d24bde1-e58e-4e76-9db2-377173edd167",
                "ip_protocol": "tcp",
                "self": false,
                "to_port": 22
              }
            ],
            "timeouts": null
          },
          "sensitive_attributes": [],
          "private": "eyJlMmJmYjczMC1lY2FhLTExZTYtOGY4OC0zNDM2M2JjN2M0YzAiOnsiZGVsZXRlIjo2MDAwMDAwMDAwMDB9fQ=="
        }
      ]
    },
    {
      "mode": "managed",
      "type": "openstack_images_image_v2",
      "name": "ubuntu1404",
      "provider": "provider[\"registry.terraform.io/terraform-provider-openstack/openstack\"]",
      "instances": [
        {
          "schema_version": 0,
          "attributes": {
            "checksum": "e0602d592dbf87ddcf5b76bce9da084e",
            "container_format": "bare",
            "created_at": "2023-05-22T01:22:03Z",
            "disk_format": "qcow2",
            "file": "/v2/images/633e01ba-fc27-49ef-ab46-b2af1e2fc203/file",
            "hidden": false,
            "id": "633e01ba-fc27-49ef-ab46-b2af1e2fc203",
            "image_cache_path": "/opt/stack/.terraform/image_cache",
            "image_id": "633e01ba-fc27-49ef-ab46-b2af1e2fc203",
            "image_source_password": null,
            "image_source_url": null,
            "image_source_username": null,
            "local_file_path": "/opt/stack/IaC/trusty-server-cloudimg-amd64-disk1.img",
            "metadata": {},
            "min_disk_gb": 0,
            "min_ram_mb": 0,
            "name": "ubuntu1404",
            "owner": "edcd0a6ce90f408683609c29143ec8e3",
            "properties": {
              "os_hash_algo": "sha512",
              "os_hash_value": "7b9a977ecb385f1f8624653396fca0a4de113ef2100d470c2c17ce0220da5201a851018fc50126839c67ffa3b743aef5bdf23ced615a1ef1f4af58d7e5710346"
            },
            "protected": false,
            "region": "",
            "schema": "/v2/schemas/image",
            "size_bytes": 265682944,
            "status": "active",
            "tags": [],
            "timeouts": null,
            "update_at": "2023-05-22T01:22:08Z",
            "updated_at": "2023-05-22T01:22:08Z",
            "verify_checksum": null,
            "visibility": "private",
            "web_download": null
          },
          "sensitive_attributes": [],
          "private": "eyJlMmJmYjczMC1lY2FhLTExZTYtOGY4OC0zNDM2M2JjN2M0YzAiOnsiY3JlYXRlIjoxODAwMDAwMDAwMDAwfX0="
        }
      ]
    },
    {
      "mode": "managed",
      "type": "openstack_networking_floatingip_v2",
      "name": "http",
      "provider": "provider[\"registry.terraform.io/terraform-provider-openstack/openstack\"]",
      "instances": [
        {
          "schema_version": 0,
          "attributes": {
            "address": "172.24.4.125",
            "all_tags": [],
            "description": "",
            "dns_domain": "",
            "dns_name": "",
            "fixed_ip": "10.0.0.235",
            "id": "06565175-9b8d-45e9-a19e-baf88bcccd14",
            "pool": "public",
            "port_id": "c073f50b-8ead-43b0-aeab-512f6d745446",
            "region": "",
            "subnet_id": null,
            "subnet_ids": null,
            "tags": [],
            "tenant_id": "edcd0a6ce90f408683609c29143ec8e3",
            "timeouts": null,
            "value_specs": null
          },
          "sensitive_attributes": [],
          "private": "eyJlMmJmYjczMC1lY2FhLTExZTYtOGY4OC0zNDM2M2JjN2M0YzAiOnsiY3JlYXRlIjo2MDAwMDAwMDAwMDAsImRlbGV0ZSI6NjAwMDAwMDAwMDAwfX0="
        }
      ]
    },
    {
      "mode": "managed",
      "type": "openstack_networking_network_v2",
      "name": "private_1",
      "provider": "provider[\"registry.terraform.io/terraform-provider-openstack/openstack\"]",
      "instances": [
        {
          "schema_version": 0,
          "attributes": {
            "admin_state_up": true,
            "all_tags": [],
            "availability_zone_hints": [],
            "description": "",
            "dns_domain": "",
            "external": false,
            "id": "8ce6999b-e070-4b4d-b32d-4f63ea29bf16",
            "mtu": 1442,
            "name": "private_1",
            "port_security_enabled": true,
            "qos_policy_id": "",
            "region": "",
            "segments": [],
            "shared": false,
            "tags": [],
            "tenant_id": "edcd0a6ce90f408683609c29143ec8e3",
            "timeouts": null,
            "transparent_vlan": false,
            "value_specs": null
          },
          "sensitive_attributes": [],
          "private": "eyJlMmJmYjczMC1lY2FhLTExZTYtOGY4OC0zNDM2M2JjN2M0YzAiOnsiY3JlYXRlIjo2MDAwMDAwMDAwMDAsImRlbGV0ZSI6NjAwMDAwMDAwMDAwfX0="
        }
      ]
    },
    {
      "mode": "managed",
      "type": "openstack_networking_port_v2",
      "name": "http",
      "provider": "provider[\"registry.terraform.io/terraform-provider-openstack/openstack\"]",
      "instances": [
        {
          "schema_version": 0,
          "attributes": {
            "admin_state_up": true,
            "all_fixed_ips": [
              "10.0.0.235"
            ],
            "all_security_group_ids": [
              "33ba18ac-277f-49c8-939b-a5c4c66f0b8c",
              "371d5c85-53d9-4624-adf5-0385d71a4303"
            ],
            "all_tags": [],
            "allowed_address_pairs": [],
            "binding": [
              {
                "host_id": "d05004-virtual-machine",
                "profile": "{}",
                "vif_details": {
                  "bound_drivers": "{\"0\":\"ovn\"}",
                  "connectivity": "l2",
                  "port_filter": "true"
                },
                "vif_type": "ovs",
                "vnic_type": "normal"
              }
            ],
            "description": "",
            "device_id": "f3f826d1-7ba6-4a7d-bde4-fe7499f2b77e",
            "device_owner": "compute:nova",
            "dns_assignment": [],
            "dns_name": "",
            "extra_dhcp_option": [],
            "fixed_ip": [
              {
                "ip_address": "",
                "subnet_id": "609ade2b-9e57-48e0-86f2-b640d057a94a"
              }
            ],
            "id": "c073f50b-8ead-43b0-aeab-512f6d745446",
            "mac_address": "fa:16:3e:65:7c:4d",
            "name": "port-instance-http",
            "network_id": "8ce6999b-e070-4b4d-b32d-4f63ea29bf16",
            "no_fixed_ip": null,
            "no_security_groups": null,
            "port_security_enabled": true,
            "qos_policy_id": "",
            "region": "",
            "security_group_ids": [
              "33ba18ac-277f-49c8-939b-a5c4c66f0b8c",
              "371d5c85-53d9-4624-adf5-0385d71a4303",
              "e115daf0-0dbe-42a0-a016-6e6b9a33b164"
            ],
            "tags": [],
            "tenant_id": "edcd0a6ce90f408683609c29143ec8e3",
            "timeouts": null,
            "value_specs": null
          },
          "sensitive_attributes": [],
          "private": "eyJlMmJmYjczMC1lY2FhLTExZTYtOGY4OC0zNDM2M2JjN2M0YzAiOnsiY3JlYXRlIjo2MDAwMDAwMDAwMDAsImRlbGV0ZSI6NjAwMDAwMDAwMDAwfX0=",
          "dependencies": [
            "openstack_compute_secgroup_v2.http",
            "openstack_compute_secgroup_v2.service",
            "openstack_compute_secgroup_v2.ssh",
            "openstack_networking_network_v2.private_1",
            "openstack_networking_subnet_v2.subnet_1"
          ]
        }
      ]
    },
    {
      "mode": "managed",
      "type": "openstack_networking_router_interface_v2",
      "name": "interface_1",
      "provider": "provider[\"registry.terraform.io/terraform-provider-openstack/openstack\"]",
      "instances": [
        {
          "schema_version": 0,
          "attributes": {
            "id": "91b51dc9-9749-4bad-bed0-3660f3951acc",
            "port_id": "91b51dc9-9749-4bad-bed0-3660f3951acc",
            "region": "",
            "router_id": "8b359054-e926-4f17-93b9-9516b4181209",
            "subnet_id": "609ade2b-9e57-48e0-86f2-b640d057a94a",
            "timeouts": null
          },
          "sensitive_attributes": [],
          "private": "eyJlMmJmYjczMC1lY2FhLTExZTYtOGY4OC0zNDM2M2JjN2M0YzAiOnsiY3JlYXRlIjo2MDAwMDAwMDAwMDAsImRlbGV0ZSI6NjAwMDAwMDAwMDAwfX0=",
          "dependencies": [
            "openstack_networking_network_v2.private_1",
            "openstack_networking_router_v2.router_1",
            "openstack_networking_subnet_v2.subnet_1"
          ]
        }
      ]
    },
    {
      "mode": "managed",
      "type": "openstack_networking_router_v2",
      "name": "router_1",
      "provider": "provider[\"registry.terraform.io/terraform-provider-openstack/openstack\"]",
      "instances": [
        {
          "schema_version": 0,
          "attributes": {
            "admin_state_up": true,
            "all_tags": [],
            "availability_zone_hints": [],
            "description": "",
            "distributed": false,
            "enable_snat": true,
            "external_fixed_ip": [
              {
                "ip_address": "172.24.4.126",
                "subnet_id": "8219b6a5-c0ac-4d22-9e06-3446f35759eb"
              },
              {
                "ip_address": "2001:db8::24",
                "subnet_id": "6d4c5864-6394-49d7-865c-4cd3b200f9e7"
              }
            ],
            "external_gateway": "04e3c0d7-3a2d-4f53-a0f1-ff0bc65036a6",
            "external_network_id": "04e3c0d7-3a2d-4f53-a0f1-ff0bc65036a6",
            "external_subnet_ids": null,
            "id": "8b359054-e926-4f17-93b9-9516b4181209",
            "name": "router_1",
            "region": "",
            "tags": [],
            "tenant_id": "edcd0a6ce90f408683609c29143ec8e3",
            "timeouts": null,
            "value_specs": null,
            "vendor_options": []
          },
          "sensitive_attributes": [],
          "private": "eyJlMmJmYjczMC1lY2FhLTExZTYtOGY4OC0zNDM2M2JjN2M0YzAiOnsiY3JlYXRlIjo2MDAwMDAwMDAwMDAsImRlbGV0ZSI6NjAwMDAwMDAwMDAwfX0="
        }
      ]
    },
    {
      "mode": "managed",
      "type": "openstack_networking_subnet_v2",
      "name": "subnet_1",
      "provider": "provider[\"registry.terraform.io/terraform-provider-openstack/openstack\"]",
      "instances": [
        {
          "schema_version": 0,
          "attributes": {
            "all_tags": [],
            "allocation_pool": [
              {
                "end": "10.0.0.254",
                "start": "10.0.0.2"
              }
            ],
            "allocation_pools": [
              {
                "end": "10.0.0.254",
                "start": "10.0.0.2"
              }
            ],
            "cidr": "10.0.0.0/24",
            "description": "",
            "dns_nameservers": [
              "8.8.8.8",
              "8.8.4.4"
            ],
            "enable_dhcp": true,
            "gateway_ip": "10.0.0.1",
            "host_routes": [],
            "id": "609ade2b-9e57-48e0-86f2-b640d057a94a",
            "ip_version": 4,
            "ipv6_address_mode": "",
            "ipv6_ra_mode": "",
            "name": "subnet_1",
            "network_id": "8ce6999b-e070-4b4d-b32d-4f63ea29bf16",
            "no_gateway": false,
            "prefix_length": null,
            "region": "",
            "subnetpool_id": "",
            "tags": [],
            "tenant_id": "edcd0a6ce90f408683609c29143ec8e3",
            "timeouts": null,
            "value_specs": null
          },
          "sensitive_attributes": [],
          "private": "eyJlMmJmYjczMC1lY2FhLTExZTYtOGY4OC0zNDM2M2JjN2M0YzAiOnsiY3JlYXRlIjo2MDAwMDAwMDAwMDAsImRlbGV0ZSI6NjAwMDAwMDAwMDAwfX0=",
          "dependencies": [
            "openstack_networking_network_v2.private_1"
          ]
        }
      ]
    }
  ],
  "check_results": null
}
